
Microsoft Visual Studio Solution File, Format Version 12.00
# Visual Studio 14
VisualStudioVersion = 14.0.23107.0
MinimumVisualStudioVersion = 10.0.40219.1
Project("{FAE04EC0-301F-11D3-BF4B-00C04F79EFBC}") = "FazBem", "FazBem\FazBem\FazBem.csproj", "{E9A1329F-2E4B-476B-A283-13838FA196A4}"
EndProject
Project("{FAE04EC0-301F-11D3-BF4B-00C04F79EFBC}") = "FazBem.iOS", "FazBem\FazBem.iOS\FazBem.iOS.csproj", "{53577635-4C99-44A3-92F0-7A402EF8BBC0}"
EndProject
Project("{FAE04EC0-301F-11D3-BF4B-00C04F79EFBC}") = "FazBem.Droid", "FazBem\FazBem.Droid\FazBem.Droid.csproj", "{1F3EBB72-95D5-450E-B27A-A6CBBA3DE897}"
EndProject
Project("{FAE04EC0-301F-11D3-BF4B-00C04F79EFBC}") = "FazBem.WinPhone", "FazBem\FazBem.WinPhone\FazBem.WinPhone.csproj", "{3B9FDFD4-9228-4CB9-9670-2A37B2BE0790}"
EndProject
Project("{FAE04EC0-301F-11D3-BF4B-00C04F79EFBC}") = "FazBem.Tests", "FazBem.Tests\FazBem.Tests.csproj", "{CBDB375E-9AD1-4E5A-92EE-94F072276B1E}"
EndProject
Global
	GlobalSection(SolutionConfigurationPlatforms) = preSolution
		Ad-Hoc|Any CPU = Ad-Hoc|Any CPU
		Ad-Hoc|ARM = Ad-Hoc|ARM
		Ad-Hoc|iPhone = Ad-Hoc|iPhone
		Ad-Hoc|iPhoneSimulator = Ad-Hoc|iPhoneSimulator
		Ad-Hoc|x86 = Ad-Hoc|x86
		AppStore|Any CPU = AppStore|Any CPU
		AppStore|ARM = AppStore|ARM
		AppStore|iPhone = AppStore|iPhone
		AppStore|iPhoneSimulator = AppStore|iPhoneSimulator
		AppStore|x86 = AppStore|x86
		Debug|Any CPU = Debug|Any CPU
		Debug|ARM = Debug|ARM
		Debug|iPhone = Debug|iPhone
		Debug|iPhoneSimulator = Debug|iPhoneSimulator
		Debug|x86 = Debug|x86
		Release|Any CPU = Release|Any CPU
		Release|ARM = Release|ARM
		Release|iPhone = Release|iPhone
		Release|iPhoneSimulator = Release|iPhoneSimulator
		Release|x86 = Release|x86
	EndGlobalSection
	GlobalSection(ProjectConfigurationPlatforms) = postSolution
		{E9A1329F-2E4B-476B-A283-13838FA196A4}.Ad-Hoc|Any CPU.ActiveCfg = Release|Any CPU
		{E9A1329F-2E4B-476B-A283-13838FA196A4}.Ad-Hoc|Any CPU.Build.0 = Release|Any CPU
		{E9A1329F-2E4B-476B-A283-13838FA196A4}.Ad-Hoc|ARM.ActiveCfg = Release|Any CPU
		{E9A1329F-2E4B-476B-A283-13838FA196A4}.Ad-Hoc|ARM.Build.0 = Release|Any CPU
		{E9A1329F-2E4B-476B-A283-13838FA196A4}.Ad-Hoc|iPhone.ActiveCfg = Release|Any CPU
		{E9A1329F-2E4B-476B-A283-13838FA196A4}.Ad-Hoc|iPhone.Build.0 = Release|Any CPU
		{E9A1329F-2E4B-476B-A283-13838FA196A4}.Ad-Hoc|iPhoneSimulator.ActiveCfg = Release|Any CPU
		{E9A1329F-2E4B-476B-A283-13838FA196A4}.Ad-Hoc|iPhoneSimulator.Build.0 = Release|Any CPU
		{E9A1329F-2E4B-476B-A283-13838FA196A4}.Ad-Hoc|x86.ActiveCfg = Release|Any CPU
		{E9A1329F-2E4B-476B-A283-13838FA196A4}.Ad-Hoc|x86.Build.0 = Release|Any CPU
		{E9A1329F-2E4B-476B-A283-13838FA196A4}.AppStore|Any CPU.ActiveCfg = Release|Any CPU
		{E9A1329F-2E4B-476B-A283-13838FA196A4}.AppStore|Any CPU.Build.0 = Release|Any CPU
		{E9A1329F-2E4B-476B-A283-13838FA196A4}.AppStore|ARM.ActiveCfg = Release|Any CPU
		{E9A1329F-2E4B-476B-A283-13838FA196A4}.AppStore|ARM.Build.0 = Release|Any CPU
		{E9A1329F-2E4B-476B-A283-13838FA196A4}.AppStore|iPhone.ActiveCfg = Release|Any CPU
		{E9A1329F-2E4B-476B-A283-13838FA196A4}.AppStore|iPhone.Build.0 = Release|Any CPU
		{E9A1329F-2E4B-476B-A283-13838FA196A4}.AppStore|iPhoneSimulator.ActiveCfg = Release|Any CPU
		{E9A1329F-2E4B-476B-A283-13838FA196A4}.AppStore|iPhoneSimulator.Build.0 = Release|Any CPU
		{E9A1329F-2E4B-476B-A283-13838FA196A4}.AppStore|x86.ActiveCfg = Release|Any CPU
		{E9A1329F-2E4B-476B-A283-13838FA196A4}.AppStore|x86.Build.0 = Release|Any CPU
		{E9A1329F-2E4B-476B-A283-13838FA196A4}.Debug|Any CPU.ActiveCfg = Debug|Any CPU
		{E9A1329F-2E4B-476B-A283-13838FA196A4}.Debug|Any CPU.Build.0 = Debug|Any CPU
		{E9A1329F-2E4B-476B-A283-13838FA196A4}.Debug|ARM.ActiveCfg = Debug|Any CPU
		{E9A1329F-2E4B-476B-A283-13838FA196A4}.Debug|ARM.Build.0 = Debug|Any CPU
		{E9A1329F-2E4B-476B-A283-13838FA196A4}.Debug|iPhone.ActiveCfg = Debug|Any CPU
		{E9A1329F-2E4B-476B-A283-13838FA196A4}.Debug|iPhone.Build.0 = Debug|Any CPU
		{E9A1329F-2E4B-476B-A283-13838FA196A4}.Debug|iPhoneSimulator.ActiveCfg = Debug|Any CPU
		{E9A1329F-2E4B-476B-A283-13838FA196A4}.Debug|iPhoneSimulator.Build.0 = Debug|Any CPU
		{E9A1329F-2E4B-476B-A283-13838FA196A4}.Debug|x86.ActiveCfg = Debug|Any CPU
		{E9A1329F-2E4B-476B-A283-13838FA196A4}.Debug|x86.Build.0 = Debug|Any CPU
		{E9A1329F-2E4B-476B-A283-13838FA196A4}.Release|Any CPU.ActiveCfg = Release|Any CPU
		{E9A1329F-2E4B-476B-A283-13838FA196A4}.Release|Any CPU.Build.0 = Release|Any CPU
		{E9A1329F-2E4B-476B-A283-13838FA196A4}.Release|ARM.ActiveCfg = Release|Any CPU
		{E9A1329F-2E4B-476B-A283-13838FA196A4}.Release|ARM.Build.0 = Release|Any CPU
		{E9A1329F-2E4B-476B-A283-13838FA196A4}.Release|iPhone.ActiveCfg = Release|Any CPU
		{E9A1329F-2E4B-476B-A283-13838FA196A4}.Release|iPhone.Build.0 = Release|Any CPU
		{E9A1329F-2E4B-476B-A283-13838FA196A4}.Release|iPhoneSimulator.ActiveCfg = Release|Any CPU
		{E9A1329F-2E4B-476B-A283-13838FA196A4}.Release|iPhoneSimulator.Build.0 = Release|Any CPU
		{E9A1329F-2E4B-476B-A283-13838FA196A4}.Release|x86.ActiveCfg = Release|Any CPU
		{E9A1329F-2E4B-476B-A283-13838FA196A4}.Release|x86.Build.0 = Release|Any CPU
		{53577635-4C99-44A3-92F0-7A402EF8BBC0}.Ad-Hoc|Any CPU.ActiveCfg = Ad-Hoc|iPhone
		{53577635-4C99-44A3-92F0-7A402EF8BBC0}.Ad-Hoc|ARM.ActiveCfg = Ad-Hoc|iPhone
		{53577635-4C99-44A3-92F0-7A402EF8BBC0}.Ad-Hoc|iPhone.ActiveCfg = Ad-Hoc|iPhone
		{53577635-4C99-44A3-92F0-7A402EF8BBC0}.Ad-Hoc|iPhone.Build.0 = Ad-Hoc|iPhone
		{53577635-4C99-44A3-92F0-7A402EF8BBC0}.Ad-Hoc|iPhoneSimulator.ActiveCfg = Ad-Hoc|iPhoneSimulator
		{53577635-4C99-44A3-92F0-7A402EF8BBC0}.Ad-Hoc|iPhoneSimulator.Build.0 = Ad-Hoc|iPhoneSimulator
		{53577635-4C99-44A3-92F0-7A402EF8BBC0}.Ad-Hoc|x86.ActiveCfg = Ad-Hoc|iPhone
		{53577635-4C99-44A3-92F0-7A402EF8BBC0}.AppStore|Any CPU.ActiveCfg = AppStore|iPhone
		{53577635-4C99-44A3-92F0-7A402EF8BBC0}.AppStore|ARM.ActiveCfg = AppStore|iPhone
		{53577635-4C99-44A3-92F0-7A402EF8BBC0}.AppStore|iPhone.ActiveCfg = AppStore|iPhone
		{53577635-4C99-44A3-92F0-7A402EF8BBC0}.AppStore|iPhone.Build.0 = AppStore|iPhone
		{53577635-4C99-44A3-92F0-7A402EF8BBC0}.AppStore|iPhoneSimulator.ActiveCfg = AppStore|iPhoneSimulator
		{53577635-4C99-44A3-92F0-7A402EF8BBC0}.AppStore|iPhoneSimulator.Build.0 = AppStore|iPhoneSimulator
		{53577635-4C99-44A3-92F0-7A402EF8BBC0}.AppStore|x86.ActiveCfg = AppStore|iPhone
		{53577635-4C99-44A3-92F0-7A402EF8BBC0}.Debug|Any CPU.ActiveCfg = Debug|iPhone
		{53577635-4C99-44A3-92F0-7A402EF8BBC0}.Debug|ARM.ActiveCfg = Debug|iPhone
		{53577635-4C99-44A3-92F0-7A402EF8BBC0}.Debug|iPhone.ActiveCfg = Debug|iPhone
		{53577635-4C99-44A3-92F0-7A402EF8BBC0}.Debug|iPhone.Build.0 = Debug|iPhone
		{53577635-4C99-44A3-92F0-7A402EF8BBC0}.Debug|iPhoneSimulator.ActiveCfg = Debug|iPhoneSimulator
		{53577635-4C99-44A3-92F0-7A402EF8BBC0}.Debug|iPhoneSimulator.Build.0 = Debug|iPhoneSimulator
		{53577635-4C99-44A3-92F0-7A402EF8BBC0}.Debug|x86.ActiveCfg = Debug|iPhone
		{53577635-4C99-44A3-92F0-7A402EF8BBC0}.Release|Any CPU.ActiveCfg = Release|iPhone
		{53577635-4C99-44A3-92F0-7A402EF8BBC0}.Release|ARM.ActiveCfg = Release|iPhone
		{53577635-4C99-44A3-92F0-7A402EF8BBC0}.Release|iPhone.ActiveCfg = Release|iPhone
		{53577635-4C99-44A3-92F0-7A402EF8BBC0}.Release|iPhone.Build.0 = Release|iPhone
		{53577635-4C99-44A3-92F0-7A402EF8BBC0}.Release|iPhoneSimulator.ActiveCfg = Release|iPhoneSimulator
		{53577635-4C99-44A3-92F0-7A402EF8BBC0}.Release|iPhoneSimulator.Build.0 = Release|iPhoneSimulator
		{53577635-4C99-44A3-92F0-7A402EF8BBC0}.Release|x86.ActiveCfg = Release|iPhone
		{1F3EBB72-95D5-450E-B27A-A6CBBA3DE897}.Ad-Hoc|Any CPU.ActiveCfg = Release|Any CPU
		{1F3EBB72-95D5-450E-B27A-A6CBBA3DE897}.Ad-Hoc|Any CPU.Build.0 = Release|Any CPU
		{1F3EBB72-95D5-450E-B27A-A6CBBA3DE897}.Ad-Hoc|Any CPU.Deploy.0 = Release|Any CPU
		{1F3EBB72-95D5-450E-B27A-A6CBBA3DE897}.Ad-Hoc|ARM.ActiveCfg = Release|Any CPU
		{1F3EBB72-95D5-450E-B27A-A6CBBA3DE897}.Ad-Hoc|ARM.Build.0 = Release|Any CPU
		{1F3EBB72-95D5-450E-B27A-A6CBBA3DE897}.Ad-Hoc|ARM.Deploy.0 = Release|Any CPU
		{1F3EBB72-95D5-450E-B27A-A6CBBA3DE897}.Ad-Hoc|iPhone.ActiveCfg = Release|Any CPU
		{1F3EBB72-95D5-450E-B27A-A6CBBA3DE897}.Ad-Hoc|iPhone.Build.0 = Release|Any CPU
		{1F3EBB72-95D5-450E-B27A-A6CBBA3DE897}.Ad-Hoc|iPhone.Deploy.0 = Release|Any CPU
		{1F3EBB72-95D5-450E-B27A-A6CBBA3DE897}.Ad-Hoc|iPhoneSimulator.ActiveCfg = Release|Any CPU
		{1F3EBB72-95D5-450E-B27A-A6CBBA3DE897}.Ad-Hoc|iPhoneSimulator.Build.0 = Release|Any CPU
		{1F3EBB72-95D5-450E-B27A-A6CBBA3DE897}.Ad-Hoc|iPhoneSimulator.Deploy.0 = Release|Any CPU
		{1F3EBB72-95D5-450E-B27A-A6CBBA3DE897}.Ad-Hoc|x86.ActiveCfg = Release|Any CPU
		{1F3EBB72-95D5-450E-B27A-A6CBBA3DE897}.Ad-Hoc|x86.Build.0 = Release|Any CPU
		{1F3EBB72-95D5-450E-B27A-A6CBBA3DE897}.Ad-Hoc|x86.Deploy.0 = Release|Any CPU
		{1F3EBB72-95D5-450E-B27A-A6CBBA3DE897}.AppStore|Any CPU.ActiveCfg = Release|Any CPU
		{1F3EBB72-95D5-450E-B27A-A6CBBA3DE897}.AppStore|Any CPU.Build.0 = Release|Any CPU
		{1F3EBB72-95D5-450E-B27A-A6CBBA3DE897}.AppStore|Any CPU.Deploy.0 = Release|Any CPU
		{1F3EBB72-95D5-450E-B27A-A6CBBA3DE897}.AppStore|ARM.ActiveCfg = Release|Any CPU
		{1F3EBB72-95D5-450E-B27A-A6CBBA3DE897}.AppStore|ARM.Build.0 = Release|Any CPU
		{1F3EBB72-95D5-450E-B27A-A6CBBA3DE897}.AppStore|ARM.Deploy.0 = Release|Any CPU
		{1F3EBB72-95D5-450E-B27A-A6CBBA3DE897}.AppStore|iPhone.ActiveCfg = Release|Any CPU
		{1F3EBB72-95D5-450E-B27A-A6CBBA3DE897}.AppStore|iPhone.Build.0 = Release|Any CPU
		{1F3EBB72-95D5-450E-B27A-A6CBBA3DE897}.AppStore|iPhone.Deploy.0 = Release|Any CPU
		{1F3EBB72-95D5-450E-B27A-A6CBBA3DE897}.AppStore|iPhoneSimulator.ActiveCfg = Release|Any CPU
		{1F3EBB72-95D5-450E-B27A-A6CBBA3DE897}.AppStore|iPhoneSimulator.Build.0 = Release|Any CPU
		{1F3EBB72-95D5-450E-B27A-A6CBBA3DE897}.AppStore|iPhoneSimulator.Deploy.0 = Release|Any CPU
		{1F3EBB72-95D5-450E-B27A-A6CBBA3DE897}.AppStore|x86.ActiveCfg = Release|Any CPU
		{1F3EBB72-95D5-450E-B27A-A6CBBA3DE897}.AppStore|x86.Build.0 = Release|Any CPU
		{1F3EBB72-95D5-450E-B27A-A6CBBA3DE897}.AppStore|x86.Deploy.0 = Release|Any CPU
		{1F3EBB72-95D5-450E-B27A-A6CBBA3DE897}.Debug|Any CPU.ActiveCfg = Debug|Any CPU
		{1F3EBB72-95D5-450E-B27A-A6CBBA3DE897}.Debug|Any CPU.Build.0 = Debug|Any CPU
		{1F3EBB72-95D5-450E-B27A-A6CBBA3DE897}.Debug|Any CPU.Deploy.0 = Debug|Any CPU
		{1F3EBB72-95D5-450E-B27A-A6CBBA3DE897}.Debug|ARM.ActiveCfg = Debug|Any CPU
		{1F3EBB72-95D5-450E-B27A-A6CBBA3DE897}.Debug|ARM.Build.0 = Debug|Any CPU
		{1F3EBB72-95D5-450E-B27A-A6CBBA3DE897}.Debug|ARM.Deploy.0 = Debug|Any CPU
		{1F3EBB72-95D5-450E-B27A-A6CBBA3DE897}.Debug|iPhone.ActiveCfg = Debug|Any CPU
		{1F3EBB72-95D5-450E-B27A-A6CBBA3DE897}.Debug|iPhone.Build.0 = Debug|Any CPU
		{1F3EBB72-95D5-450E-B27A-A6CBBA3DE897}.Debug|iPhone.Deploy.0 = Debug|Any CPU
		{1F3EBB72-95D5-450E-B27A-A6CBBA3DE897}.Debug|iPhoneSimulator.ActiveCfg = Debug|Any CPU
		{1F3EBB72-95D5-450E-B27A-A6CBBA3DE897}.Debug|iPhoneSimulator.Build.0 = Debug|Any CPU
		{1F3EBB72-95D5-450E-B27A-A6CBBA3DE897}.Debug|iPhoneSimulator.Deploy.0 = Debug|Any CPU
		{1F3EBB72-95D5-450E-B27A-A6CBBA3DE897}.Debug|x86.ActiveCfg = Debug|Any CPU
		{1F3EBB72-95D5-450E-B27A-A6CBBA3DE897}.Debug|x86.Build.0 = Debug|Any CPU
		{1F3EBB72-95D5-450E-B27A-A6CBBA3DE897}.Debug|x86.Deploy.0 = Debug|Any CPU
		{1F3EBB72-95D5-450E-B27A-A6CBBA3DE897}.Release|Any CPU.ActiveCfg = Release|Any CPU
		{1F3EBB72-95D5-450E-B27A-A6CBBA3DE897}.Release|Any CPU.Build.0 = Release|Any CPU
		{1F3EBB72-95D5-450E-B27A-A6CBBA3DE897}.Release|Any CPU.Deploy.0 = Release|Any CPU
		{1F3EBB72-95D5-450E-B27A-A6CBBA3DE897}.Release|ARM.ActiveCfg = Release|Any CPU
		{1F3EBB72-95D5-450E-B27A-A6CBBA3DE897}.Release|ARM.Build.0 = Release|Any CPU
		{1F3EBB72-95D5-450E-B27A-A6CBBA3DE897}.Release|ARM.Deploy.0 = Release|Any CPU
		{1F3EBB72-95D5-450E-B27A-A6CBBA3DE897}.Release|iPhone.ActiveCfg = Release|Any CPU
		{1F3EBB72-95D5-450E-B27A-A6CBBA3DE897}.Release|iPhone.Build.0 = Release|Any CPU
		{1F3EBB72-95D5-450E-B27A-A6CBBA3DE897}.Release|iPhone.Deploy.0 = Release|Any CPU
		{1F3EBB72-95D5-450E-B27A-A6CBBA3DE897}.Release|iPhoneSimulator.ActiveCfg = Release|Any CPU
		{1F3EBB72-95D5-450E-B27A-A6CBBA3DE897}.Release|iPhoneSimulator.Build.0 = Release|Any CPU
		{1F3EBB72-95D5-450E-B27A-A6CBBA3DE897}.Release|iPhoneSimulator.Deploy.0 = Release|Any CPU
		{1F3EBB72-95D5-450E-B27A-A6CBBA3DE897}.Release|x86.ActiveCfg = Release|Any CPU
		{1F3EBB72-95D5-450E-B27A-A6CBBA3DE897}.Release|x86.Build.0 = Release|Any CPU
		{1F3EBB72-95D5-450E-B27A-A6CBBA3DE897}.Release|x86.Deploy.0 = Release|Any CPU
		{3B9FDFD4-9228-4CB9-9670-2A37B2BE0790}.Ad-Hoc|Any CPU.ActiveCfg = Release|Any CPU
		{3B9FDFD4-9228-4CB9-9670-2A37B2BE0790}.Ad-Hoc|Any CPU.Build.0 = Release|Any CPU
		{3B9FDFD4-9228-4CB9-9670-2A37B2BE0790}.Ad-Hoc|Any CPU.Deploy.0 = Release|Any CPU
		{3B9FDFD4-9228-4CB9-9670-2A37B2BE0790}.Ad-Hoc|ARM.ActiveCfg = Release|ARM
		{3B9FDFD4-9228-4CB9-9670-2A37B2BE0790}.Ad-Hoc|ARM.Build.0 = Release|ARM
		{3B9FDFD4-9228-4CB9-9670-2A37B2BE0790}.Ad-Hoc|ARM.Deploy.0 = Release|ARM
		{3B9FDFD4-9228-4CB9-9670-2A37B2BE0790}.Ad-Hoc|iPhone.ActiveCfg = Release|Any CPU
		{3B9FDFD4-9228-4CB9-9670-2A37B2BE0790}.Ad-Hoc|iPhone.Build.0 = Release|Any CPU
		{3B9FDFD4-9228-4CB9-9670-2A37B2BE0790}.Ad-Hoc|iPhone.Deploy.0 = Release|Any CPU
		{3B9FDFD4-9228-4CB9-9670-2A37B2BE0790}.Ad-Hoc|iPhoneSimulator.ActiveCfg = Release|Any CPU
		{3B9FDFD4-9228-4CB9-9670-2A37B2BE0790}.Ad-Hoc|iPhoneSimulator.Build.0 = Release|Any CPU
		{3B9FDFD4-9228-4CB9-9670-2A37B2BE0790}.Ad-Hoc|iPhoneSimulator.Deploy.0 = Release|Any CPU
		{3B9FDFD4-9228-4CB9-9670-2A37B2BE0790}.Ad-Hoc|x86.ActiveCfg = Release|x86
		{3B9FDFD4-9228-4CB9-9670-2A37B2BE0790}.Ad-Hoc|x86.Build.0 = Release|x86
		{3B9FDFD4-9228-4CB9-9670-2A37B2BE0790}.Ad-Hoc|x86.Deploy.0 = Release|x86
		{3B9FDFD4-9228-4CB9-9670-2A37B2BE0790}.AppStore|Any CPU.ActiveCfg = Release|Any CPU
		{3B9FDFD4-9228-4CB9-9670-2A37B2BE0790}.AppStore|Any CPU.Build.0 = Release|Any CPU
		{3B9FDFD4-9228-4CB9-9670-2A37B2BE0790}.AppStore|Any CPU.Deploy.0 = Release|Any CPU
		{3B9FDFD4-9228-4CB9-9670-2A37B2BE0790}.AppStore|ARM.ActiveCfg = Release|ARM
		{3B9FDFD4-9228-4CB9-9670-2A37B2BE0790}.AppStore|ARM.Build.0 = Release|ARM
		{3B9FDFD4-9228-4CB9-9670-2A37B2BE0790}.AppStore|ARM.Deploy.0 = Release|ARM
		{3B9FDFD4-9228-4CB9-9670-2A37B2BE0790}.AppStore|iPhone.ActiveCfg = Release|Any CPU
		{3B9FDFD4-9228-4CB9-9670-2A37B2BE0790}.AppStore|iPhone.Build.0 = Release|Any CPU
		{3B9FDFD4-9228-4CB9-9670-2A37B2BE0790}.AppStore|iPhone.Deploy.0 = Release|Any CPU
		{3B9FDFD4-9228-4CB9-9670-2A37B2BE0790}.AppStore|iPhoneSimulator.ActiveCfg = Release|Any CPU
		{3B9FDFD4-9228-4CB9-9670-2A37B2BE0790}.AppStore|iPhoneSimulator.Build.0 = Release|Any CPU
		{3B9FDFD4-9228-4CB9-9670-2A37B2BE0790}.AppStore|iPhoneSimulator.Deploy.0 = Release|Any CPU
		{3B9FDFD4-9228-4CB9-9670-2A37B2BE0790}.AppStore|x86.ActiveCfg = Release|x86
		{3B9FDFD4-9228-4CB9-9670-2A37B2BE0790}.AppStore|x86.Build.0 = Release|x86
		{3B9FDFD4-9228-4CB9-9670-2A37B2BE0790}.AppStore|x86.Deploy.0 = Release|x86
		{3B9FDFD4-9228-4CB9-9670-2A37B2BE0790}.Debug|Any CPU.ActiveCfg = Debug|Any CPU
		{3B9FDFD4-9228-4CB9-9670-2A37B2BE0790}.Debug|Any CPU.Build.0 = Debug|Any CPU
		{3B9FDFD4-9228-4CB9-9670-2A37B2BE0790}.Debug|Any CPU.Deploy.0 = Debug|Any CPU
		{3B9FDFD4-9228-4CB9-9670-2A37B2BE0790}.Debug|ARM.ActiveCfg = Debug|ARM
		{3B9FDFD4-9228-4CB9-9670-2A37B2BE0790}.Debug|ARM.Build.0 = Debug|ARM
		{3B9FDFD4-9228-4CB9-9670-2A37B2BE0790}.Debug|ARM.Deploy.0 = Debug|ARM
		{3B9FDFD4-9228-4CB9-9670-2A37B2BE0790}.Debug|iPhone.ActiveCfg = Debug|Any CPU
		{3B9FDFD4-9228-4CB9-9670-2A37B2BE0790}.Debug|iPhone.Build.0 = Debug|Any CPU
		{3B9FDFD4-9228-4CB9-9670-2A37B2BE0790}.Debug|iPhone.Deploy.0 = Debug|Any CPU
		{3B9FDFD4-9228-4CB9-9670-2A37B2BE0790}.Debug|iPhoneSimulator.ActiveCfg = Debug|Any CPU
		{3B9FDFD4-9228-4CB9-9670-2A37B2BE0790}.Debug|iPhoneSimulator.Build.0 = Debug|Any CPU
		{3B9FDFD4-9228-4CB9-9670-2A37B2BE0790}.Debug|iPhoneSimulator.Deploy.0 = Debug|Any CPU
		{3B9FDFD4-9228-4CB9-9670-2A37B2BE0790}.Debug|x86.ActiveCfg = Debug|x86
		{3B9FDFD4-9228-4CB9-9670-2A37B2BE0790}.Debug|x86.Build.0 = Debug|x86
		{3B9FDFD4-9228-4CB9-9670-2A37B2BE0790}.Debug|x86.Deploy.0 = Debug|x86
		{3B9FDFD4-9228-4CB9-9670-2A37B2BE0790}.Release|Any CPU.ActiveCfg = Release|Any CPU
		{3B9FDFD4-9228-4CB9-9670-2A37B2BE0790}.Release|Any CPU.Build.0 = Release|Any CPU
		{3B9FDFD4-9228-4CB9-9670-2A37B2BE0790}.Release|Any CPU.Deploy.0 = Release|Any CPU
		{3B9FDFD4-9228-4CB9-9670-2A37B2BE0790}.Release|ARM.ActiveCfg = Release|ARM
		{3B9FDFD4-9228-4CB9-9670-2A37B2BE0790}.Release|ARM.Build.0 = Release|ARM
		{3B9FDFD4-9228-4CB9-9670-2A37B2BE0790}.Release|ARM.Deploy.0 = Release|ARM
		{3B9FDFD4-9228-4CB9-9670-2A37B2BE0790}.Release|iPhone.ActiveCfg = Release|Any CPU
		{3B9FDFD4-9228-4CB9-9670-2A37B2BE0790}.Release|iPhone.Build.0 = Release|Any CPU
		{3B9FDFD4-9228-4CB9-9670-2A37B2BE0790}.Release|iPhone.Deploy.0 = Release|Any CPU
		{3B9FDFD4-9228-4CB9-9670-2A37B2BE0790}.Release|iPhoneSimulator.ActiveCfg = Release|Any CPU
		{3B9FDFD4-9228-4CB9-9670-2A37B2BE0790}.Release|iPhoneSimulator.Build.0 = Release|Any CPU
		{3B9FDFD4-9228-4CB9-9670-2A37B2BE0790}.Release|iPhoneSimulator.Deploy.0 = Release|Any CPU
		{3B9FDFD4-9228-4CB9-9670-2A37B2BE0790}.Release|x86.ActiveCfg = Release|x86
		{3B9FDFD4-9228-4CB9-9670-2A37B2BE0790}.Release|x86.Build.0 = Release|x86
		{3B9FDFD4-9228-4CB9-9670-2A37B2BE0790}.Release|x86.Deploy.0 = Release|x86
		{CBDB375E-9AD1-4E5A-92EE-94F072276B1E}.Ad-Hoc|Any CPU.ActiveCfg = Release|Any CPU
		{CBDB375E-9AD1-4E5A-92EE-94F072276B1E}.Ad-Hoc|Any CPU.Build.0 = Release|Any CPU
		{CBDB375E-9AD1-4E5A-92EE-94F072276B1E}.Ad-Hoc|ARM.ActiveCfg = Release|Any CPU
		{CBDB375E-9AD1-4E5A-92EE-94F072276B1E}.Ad-Hoc|ARM.Build.0 = Release|Any CPU
		{CBDB375E-9AD1-4E5A-92EE-94F072276B1E}.Ad-Hoc|iPhone.ActiveCfg = Release|Any CPU
		{CBDB375E-9AD1-4E5A-92EE-94F072276B1E}.Ad-Hoc|iPhone.Build.0 = Release|Any CPU
		{CBDB375E-9AD1-4E5A-92EE-94F072276B1E}.Ad-Hoc|iPhoneSimulator.ActiveCfg = Release|Any CPU
		{CBDB375E-9AD1-4E5A-92EE-94F072276B1E}.Ad-Hoc|iPhoneSimulator.Build.0 = Release|Any CPU
		{CBDB375E-9AD1-4E5A-92EE-94F072276B1E}.Ad-Hoc|x86.ActiveCfg = Release|Any CPU
		{CBDB375E-9AD1-4E5A-92EE-94F072276B1E}.Ad-Hoc|x86.Build.0 = Release|Any CPU
		{CBDB375E-9AD1-4E5A-92EE-94F072276B1E}.AppStore|Any CPU.ActiveCfg = Release|Any CPU
		{CBDB375E-9AD1-4E5A-92EE-94F072276B1E}.AppStore|Any CPU.Build.0 = Release|Any CPU
		{CBDB375E-9AD1-4E5A-92EE-94F072276B1E}.AppStore|ARM.ActiveCfg = Release|Any CPU
		{CBDB375E-9AD1-4E5A-92EE-94F072276B1E}.AppStore|ARM.Build.0 = Release|Any CPU
		{CBDB375E-9AD1-4E5A-92EE-94F072276B1E}.AppStore|iPhone.ActiveCfg = Release|Any CPU
		{CBDB375E-9AD1-4E5A-92EE-94F072276B1E}.AppStore|iPhone.Build.0 = Release|Any CPU
		{CBDB375E-9AD1-4E5A-92EE-94F072276B1E}.AppStore|iPhoneSimulator.ActiveCfg = Release|Any CPU
		{CBDB375E-9AD1-4E5A-92EE-94F072276B1E}.AppStore|iPhoneSimulator.Build.0 = Release|Any CPU
		{CBDB375E-9AD1-4E5A-92EE-94F072276B1E}.AppStore|x86.ActiveCfg = Release|Any CPU
		{CBDB375E-9AD1-4E5A-92EE-94F072276B1E}.AppStore|x86.Build.0 = Release|Any CPU
		{CBDB375E-9AD1-4E5A-92EE-94F072276B1E}.Debug|Any CPU.ActiveCfg = Debug|Any CPU
		{CBDB375E-9AD1-4E5A-92EE-94F072276B1E}.Debug|Any CPU.Build.0 = Debug|Any CPU
		{CBDB375E-9AD1-4E5A-92EE-94F072276B1E}.Debug|ARM.ActiveCfg = Debug|Any CPU
		{CBDB375E-9AD1-4E5A-92EE-94F072276B1E}.Debug|ARM.Build.0 = Debug|Any CPU
		{CBDB375E-9AD1-4E5A-92EE-94F072276B1E}.Debug|iPhone.ActiveCfg = Debug|Any CPU
		{CBDB375E-9AD1-4E5A-92EE-94F072276B1E}.Debug|iPhone.Build.0 = Debug|Any CPU
		{CBDB375E-9AD1-4E5A-92EE-94F072276B1E}.Debug|iPhoneSimulator.ActiveCfg = Debug|Any CPU
		{CBDB375E-9AD1-4E5A-92EE-94F072276B1E}.Debug|iPhoneSimulator.Build.0 = Debug|Any CPU
		{CBDB375E-9AD1-4E5A-92EE-94F072276B1E}.Debug|x86.ActiveCfg = Debug|Any CPU
		{CBDB375E-9AD1-4E5A-92EE-94F072276B1E}.Debug|x86.Build.0 = Debug|Any CPU
		{CBDB375E-9AD1-4E5A-92EE-94F072276B1E}.Release|Any CPU.ActiveCfg = Release|Any CPU
		{CBDB375E-9AD1-4E5A-92EE-94F072276B1E}.Release|Any CPU.Build.0 = Release|Any CPU
		{CBDB375E-9AD1-4E5A-92EE-94F072276B1E}.Release|ARM.ActiveCfg = Release|Any CPU
		{CBDB375E-9AD1-4E5A-92EE-94F072276B1E}.Release|ARM.Build.0 = Release|Any CPU
		{CBDB375E-9AD1-4E5A-92EE-94F072276B1E}.Release|iPhone.ActiveCfg = Release|Any CPU
		{CBDB375E-9AD1-4E5A-92EE-94F072276B1E}.Release|iPhone.Build.0 = Release|Any CPU
		{CBDB375E-9AD1-4E5A-92EE-94F072276B1E}.Release|iPhoneSimulator.ActiveCfg = Release|Any CPU
		{CBDB375E-9AD1-4E5A-92EE-94F072276B1E}.Release|iPhoneSimulator.Build.0 = Release|Any CPU
		{CBDB375E-9AD1-4E5A-92EE-94F072276B1E}.Release|x86.ActiveCfg = Release|Any CPU
		{CBDB375E-9AD1-4E5A-92EE-94F072276B1E}.Release|x86.Build.0 = Release|Any CPU
	EndGlobalSection
	GlobalSection(SolutionProperties) = preSolution
		HideSolutionNode = FALSE
	EndGlobalSection
EndGlobal
