
Microsoft Visual Studio Solution File, Format Version 12.00
# Visual Studio 14
VisualStudioVersion = 14.0.23107.0
MinimumVisualStudioVersion = 10.0.40219.1
Project("{D954291E-2A0B-460D-934E-DC6B0785DB48}") = "FazBem", "FazBem\FazBem\FazBem.shproj", "{16181C60-7594-4FB1-932F-462D7F2621F2}"
EndProject
Project("{FAE04EC0-301F-11D3-BF4B-00C04F79EFBC}") = "FazBem.WinPhone", "FazBem\FazBem.WinPhone\FazBem.WinPhone.csproj", "{B8B70371-50FF-4A38-978E-62FEC5D64CD3}"
EndProject
Project("{FAE04EC0-301F-11D3-BF4B-00C04F79EFBC}") = "FazBem.iOS", "FazBem\FazBem.iOS\FazBem.iOS.csproj", "{F4D4AB8A-0DEF-4554-9774-C6337318E3E9}"
EndProject
Project("{FAE04EC0-301F-11D3-BF4B-00C04F79EFBC}") = "FazBem.Droid", "FazBem\FazBem.Droid\FazBem.Droid.csproj", "{EF7A21FC-77ED-46A5-91E4-69D80EDC392E}"
EndProject
Global
	GlobalSection(SharedMSBuildProjectFiles) = preSolution
		FazBem\FazBem\FazBem.projitems*{b8b70371-50ff-4a38-978e-62fec5d64cd3}*SharedItemsImports = 4
		FazBem\FazBem\FazBem.projitems*{ef7a21fc-77ed-46a5-91e4-69d80edc392e}*SharedItemsImports = 4
		FazBem\FazBem\FazBem.projitems*{16181c60-7594-4fb1-932f-462d7f2621f2}*SharedItemsImports = 13
		FazBem\FazBem\FazBem.projitems*{f4d4ab8a-0def-4554-9774-c6337318e3e9}*SharedItemsImports = 4
	EndGlobalSection
	GlobalSection(SolutionConfigurationPlatforms) = preSolution
		Ad-Hoc|Any CPU = Ad-Hoc|Any CPU
		Ad-Hoc|ARM = Ad-Hoc|ARM
		Ad-Hoc|iPhone = Ad-Hoc|iPhone
		Ad-Hoc|iPhoneSimulator = Ad-Hoc|iPhoneSimulator
		Ad-Hoc|x86 = Ad-Hoc|x86
		AppStore|Any CPU = AppStore|Any CPU
		AppStore|ARM = AppStore|ARM
		AppStore|iPhone = AppStore|iPhone
		AppStore|iPhoneSimulator = AppStore|iPhoneSimulator
		AppStore|x86 = AppStore|x86
		Debug|Any CPU = Debug|Any CPU
		Debug|ARM = Debug|ARM
		Debug|iPhone = Debug|iPhone
		Debug|iPhoneSimulator = Debug|iPhoneSimulator
		Debug|x86 = Debug|x86
		Release|Any CPU = Release|Any CPU
		Release|ARM = Release|ARM
		Release|iPhone = Release|iPhone
		Release|iPhoneSimulator = Release|iPhoneSimulator
		Release|x86 = Release|x86
	EndGlobalSection
	GlobalSection(ProjectConfigurationPlatforms) = postSolution
		{B8B70371-50FF-4A38-978E-62FEC5D64CD3}.Ad-Hoc|Any CPU.ActiveCfg = Release|Any CPU
		{B8B70371-50FF-4A38-978E-62FEC5D64CD3}.Ad-Hoc|Any CPU.Build.0 = Release|Any CPU
		{B8B70371-50FF-4A38-978E-62FEC5D64CD3}.Ad-Hoc|Any CPU.Deploy.0 = Release|Any CPU
		{B8B70371-50FF-4A38-978E-62FEC5D64CD3}.Ad-Hoc|ARM.ActiveCfg = Release|ARM
		{B8B70371-50FF-4A38-978E-62FEC5D64CD3}.Ad-Hoc|ARM.Build.0 = Release|ARM
		{B8B70371-50FF-4A38-978E-62FEC5D64CD3}.Ad-Hoc|ARM.Deploy.0 = Release|ARM
		{B8B70371-50FF-4A38-978E-62FEC5D64CD3}.Ad-Hoc|iPhone.ActiveCfg = Release|Any CPU
		{B8B70371-50FF-4A38-978E-62FEC5D64CD3}.Ad-Hoc|iPhone.Build.0 = Release|Any CPU
		{B8B70371-50FF-4A38-978E-62FEC5D64CD3}.Ad-Hoc|iPhone.Deploy.0 = Release|Any CPU
		{B8B70371-50FF-4A38-978E-62FEC5D64CD3}.Ad-Hoc|iPhoneSimulator.ActiveCfg = Release|Any CPU
		{B8B70371-50FF-4A38-978E-62FEC5D64CD3}.Ad-Hoc|iPhoneSimulator.Build.0 = Release|Any CPU
		{B8B70371-50FF-4A38-978E-62FEC5D64CD3}.Ad-Hoc|iPhoneSimulator.Deploy.0 = Release|Any CPU
		{B8B70371-50FF-4A38-978E-62FEC5D64CD3}.Ad-Hoc|x86.ActiveCfg = Release|x86
		{B8B70371-50FF-4A38-978E-62FEC5D64CD3}.Ad-Hoc|x86.Build.0 = Release|x86
		{B8B70371-50FF-4A38-978E-62FEC5D64CD3}.Ad-Hoc|x86.Deploy.0 = Release|x86
		{B8B70371-50FF-4A38-978E-62FEC5D64CD3}.AppStore|Any CPU.ActiveCfg = Release|Any CPU
		{B8B70371-50FF-4A38-978E-62FEC5D64CD3}.AppStore|Any CPU.Build.0 = Release|Any CPU
		{B8B70371-50FF-4A38-978E-62FEC5D64CD3}.AppStore|Any CPU.Deploy.0 = Release|Any CPU
		{B8B70371-50FF-4A38-978E-62FEC5D64CD3}.AppStore|ARM.ActiveCfg = Release|ARM
		{B8B70371-50FF-4A38-978E-62FEC5D64CD3}.AppStore|ARM.Build.0 = Release|ARM
		{B8B70371-50FF-4A38-978E-62FEC5D64CD3}.AppStore|ARM.Deploy.0 = Release|ARM
		{B8B70371-50FF-4A38-978E-62FEC5D64CD3}.AppStore|iPhone.ActiveCfg = Release|Any CPU
		{B8B70371-50FF-4A38-978E-62FEC5D64CD3}.AppStore|iPhone.Build.0 = Release|Any CPU
		{B8B70371-50FF-4A38-978E-62FEC5D64CD3}.AppStore|iPhone.Deploy.0 = Release|Any CPU
		{B8B70371-50FF-4A38-978E-62FEC5D64CD3}.AppStore|iPhoneSimulator.ActiveCfg = Release|Any CPU
		{B8B70371-50FF-4A38-978E-62FEC5D64CD3}.AppStore|iPhoneSimulator.Build.0 = Release|Any CPU
		{B8B70371-50FF-4A38-978E-62FEC5D64CD3}.AppStore|iPhoneSimulator.Deploy.0 = Release|Any CPU
		{B8B70371-50FF-4A38-978E-62FEC5D64CD3}.AppStore|x86.ActiveCfg = Release|x86
		{B8B70371-50FF-4A38-978E-62FEC5D64CD3}.AppStore|x86.Build.0 = Release|x86
		{B8B70371-50FF-4A38-978E-62FEC5D64CD3}.AppStore|x86.Deploy.0 = Release|x86
		{B8B70371-50FF-4A38-978E-62FEC5D64CD3}.Debug|Any CPU.ActiveCfg = Debug|Any CPU
		{B8B70371-50FF-4A38-978E-62FEC5D64CD3}.Debug|Any CPU.Build.0 = Debug|Any CPU
		{B8B70371-50FF-4A38-978E-62FEC5D64CD3}.Debug|Any CPU.Deploy.0 = Debug|Any CPU
		{B8B70371-50FF-4A38-978E-62FEC5D64CD3}.Debug|ARM.ActiveCfg = Debug|ARM
		{B8B70371-50FF-4A38-978E-62FEC5D64CD3}.Debug|ARM.Build.0 = Debug|ARM
		{B8B70371-50FF-4A38-978E-62FEC5D64CD3}.Debug|ARM.Deploy.0 = Debug|ARM
		{B8B70371-50FF-4A38-978E-62FEC5D64CD3}.Debug|iPhone.ActiveCfg = Debug|Any CPU
		{B8B70371-50FF-4A38-978E-62FEC5D64CD3}.Debug|iPhone.Build.0 = Debug|Any CPU
		{B8B70371-50FF-4A38-978E-62FEC5D64CD3}.Debug|iPhone.Deploy.0 = Debug|Any CPU
		{B8B70371-50FF-4A38-978E-62FEC5D64CD3}.Debug|iPhoneSimulator.ActiveCfg = Debug|Any CPU
		{B8B70371-50FF-4A38-978E-62FEC5D64CD3}.Debug|iPhoneSimulator.Build.0 = Debug|Any CPU
		{B8B70371-50FF-4A38-978E-62FEC5D64CD3}.Debug|iPhoneSimulator.Deploy.0 = Debug|Any CPU
		{B8B70371-50FF-4A38-978E-62FEC5D64CD3}.Debug|x86.ActiveCfg = Debug|x86
		{B8B70371-50FF-4A38-978E-62FEC5D64CD3}.Debug|x86.Build.0 = Debug|x86
		{B8B70371-50FF-4A38-978E-62FEC5D64CD3}.Debug|x86.Deploy.0 = Debug|x86
		{B8B70371-50FF-4A38-978E-62FEC5D64CD3}.Release|Any CPU.ActiveCfg = Release|Any CPU
		{B8B70371-50FF-4A38-978E-62FEC5D64CD3}.Release|Any CPU.Build.0 = Release|Any CPU
		{B8B70371-50FF-4A38-978E-62FEC5D64CD3}.Release|Any CPU.Deploy.0 = Release|Any CPU
		{B8B70371-50FF-4A38-978E-62FEC5D64CD3}.Release|ARM.ActiveCfg = Release|ARM
		{B8B70371-50FF-4A38-978E-62FEC5D64CD3}.Release|ARM.Build.0 = Release|ARM
		{B8B70371-50FF-4A38-978E-62FEC5D64CD3}.Release|ARM.Deploy.0 = Release|ARM
		{B8B70371-50FF-4A38-978E-62FEC5D64CD3}.Release|iPhone.ActiveCfg = Release|Any CPU
		{B8B70371-50FF-4A38-978E-62FEC5D64CD3}.Release|iPhone.Build.0 = Release|Any CPU
		{B8B70371-50FF-4A38-978E-62FEC5D64CD3}.Release|iPhone.Deploy.0 = Release|Any CPU
		{B8B70371-50FF-4A38-978E-62FEC5D64CD3}.Release|iPhoneSimulator.ActiveCfg = Release|Any CPU
		{B8B70371-50FF-4A38-978E-62FEC5D64CD3}.Release|iPhoneSimulator.Build.0 = Release|Any CPU
		{B8B70371-50FF-4A38-978E-62FEC5D64CD3}.Release|iPhoneSimulator.Deploy.0 = Release|Any CPU
		{B8B70371-50FF-4A38-978E-62FEC5D64CD3}.Release|x86.ActiveCfg = Release|x86
		{B8B70371-50FF-4A38-978E-62FEC5D64CD3}.Release|x86.Build.0 = Release|x86
		{B8B70371-50FF-4A38-978E-62FEC5D64CD3}.Release|x86.Deploy.0 = Release|x86
		{F4D4AB8A-0DEF-4554-9774-C6337318E3E9}.Ad-Hoc|Any CPU.ActiveCfg = Ad-Hoc|iPhone
		{F4D4AB8A-0DEF-4554-9774-C6337318E3E9}.Ad-Hoc|ARM.ActiveCfg = Ad-Hoc|iPhone
		{F4D4AB8A-0DEF-4554-9774-C6337318E3E9}.Ad-Hoc|iPhone.ActiveCfg = Ad-Hoc|iPhone
		{F4D4AB8A-0DEF-4554-9774-C6337318E3E9}.Ad-Hoc|iPhone.Build.0 = Ad-Hoc|iPhone
		{F4D4AB8A-0DEF-4554-9774-C6337318E3E9}.Ad-Hoc|iPhoneSimulator.ActiveCfg = Ad-Hoc|iPhoneSimulator
		{F4D4AB8A-0DEF-4554-9774-C6337318E3E9}.Ad-Hoc|iPhoneSimulator.Build.0 = Ad-Hoc|iPhoneSimulator
		{F4D4AB8A-0DEF-4554-9774-C6337318E3E9}.Ad-Hoc|x86.ActiveCfg = Ad-Hoc|iPhone
		{F4D4AB8A-0DEF-4554-9774-C6337318E3E9}.AppStore|Any CPU.ActiveCfg = AppStore|iPhone
		{F4D4AB8A-0DEF-4554-9774-C6337318E3E9}.AppStore|ARM.ActiveCfg = AppStore|iPhone
		{F4D4AB8A-0DEF-4554-9774-C6337318E3E9}.AppStore|iPhone.ActiveCfg = AppStore|iPhone
		{F4D4AB8A-0DEF-4554-9774-C6337318E3E9}.AppStore|iPhone.Build.0 = AppStore|iPhone
		{F4D4AB8A-0DEF-4554-9774-C6337318E3E9}.AppStore|iPhoneSimulator.ActiveCfg = AppStore|iPhoneSimulator
		{F4D4AB8A-0DEF-4554-9774-C6337318E3E9}.AppStore|iPhoneSimulator.Build.0 = AppStore|iPhoneSimulator
		{F4D4AB8A-0DEF-4554-9774-C6337318E3E9}.AppStore|x86.ActiveCfg = AppStore|iPhone
		{F4D4AB8A-0DEF-4554-9774-C6337318E3E9}.Debug|Any CPU.ActiveCfg = Debug|iPhone
		{F4D4AB8A-0DEF-4554-9774-C6337318E3E9}.Debug|ARM.ActiveCfg = Debug|iPhone
		{F4D4AB8A-0DEF-4554-9774-C6337318E3E9}.Debug|iPhone.ActiveCfg = Debug|iPhone
		{F4D4AB8A-0DEF-4554-9774-C6337318E3E9}.Debug|iPhone.Build.0 = Debug|iPhone
		{F4D4AB8A-0DEF-4554-9774-C6337318E3E9}.Debug|iPhoneSimulator.ActiveCfg = Debug|iPhoneSimulator
		{F4D4AB8A-0DEF-4554-9774-C6337318E3E9}.Debug|iPhoneSimulator.Build.0 = Debug|iPhoneSimulator
		{F4D4AB8A-0DEF-4554-9774-C6337318E3E9}.Debug|x86.ActiveCfg = Debug|iPhone
		{F4D4AB8A-0DEF-4554-9774-C6337318E3E9}.Release|Any CPU.ActiveCfg = Release|iPhone
		{F4D4AB8A-0DEF-4554-9774-C6337318E3E9}.Release|ARM.ActiveCfg = Release|iPhone
		{F4D4AB8A-0DEF-4554-9774-C6337318E3E9}.Release|iPhone.ActiveCfg = Release|iPhone
		{F4D4AB8A-0DEF-4554-9774-C6337318E3E9}.Release|iPhone.Build.0 = Release|iPhone
		{F4D4AB8A-0DEF-4554-9774-C6337318E3E9}.Release|iPhoneSimulator.ActiveCfg = Release|iPhoneSimulator
		{F4D4AB8A-0DEF-4554-9774-C6337318E3E9}.Release|iPhoneSimulator.Build.0 = Release|iPhoneSimulator
		{F4D4AB8A-0DEF-4554-9774-C6337318E3E9}.Release|x86.ActiveCfg = Release|iPhone
		{EF7A21FC-77ED-46A5-91E4-69D80EDC392E}.Ad-Hoc|Any CPU.ActiveCfg = Release|Any CPU
		{EF7A21FC-77ED-46A5-91E4-69D80EDC392E}.Ad-Hoc|Any CPU.Build.0 = Release|Any CPU
		{EF7A21FC-77ED-46A5-91E4-69D80EDC392E}.Ad-Hoc|Any CPU.Deploy.0 = Release|Any CPU
		{EF7A21FC-77ED-46A5-91E4-69D80EDC392E}.Ad-Hoc|ARM.ActiveCfg = Release|Any CPU
		{EF7A21FC-77ED-46A5-91E4-69D80EDC392E}.Ad-Hoc|ARM.Build.0 = Release|Any CPU
		{EF7A21FC-77ED-46A5-91E4-69D80EDC392E}.Ad-Hoc|ARM.Deploy.0 = Release|Any CPU
		{EF7A21FC-77ED-46A5-91E4-69D80EDC392E}.Ad-Hoc|iPhone.ActiveCfg = Release|Any CPU
		{EF7A21FC-77ED-46A5-91E4-69D80EDC392E}.Ad-Hoc|iPhone.Build.0 = Release|Any CPU
		{EF7A21FC-77ED-46A5-91E4-69D80EDC392E}.Ad-Hoc|iPhone.Deploy.0 = Release|Any CPU
		{EF7A21FC-77ED-46A5-91E4-69D80EDC392E}.Ad-Hoc|iPhoneSimulator.ActiveCfg = Release|Any CPU
		{EF7A21FC-77ED-46A5-91E4-69D80EDC392E}.Ad-Hoc|iPhoneSimulator.Build.0 = Release|Any CPU
		{EF7A21FC-77ED-46A5-91E4-69D80EDC392E}.Ad-Hoc|iPhoneSimulator.Deploy.0 = Release|Any CPU
		{EF7A21FC-77ED-46A5-91E4-69D80EDC392E}.Ad-Hoc|x86.ActiveCfg = Release|Any CPU
		{EF7A21FC-77ED-46A5-91E4-69D80EDC392E}.Ad-Hoc|x86.Build.0 = Release|Any CPU
		{EF7A21FC-77ED-46A5-91E4-69D80EDC392E}.Ad-Hoc|x86.Deploy.0 = Release|Any CPU
		{EF7A21FC-77ED-46A5-91E4-69D80EDC392E}.AppStore|Any CPU.ActiveCfg = Release|Any CPU
		{EF7A21FC-77ED-46A5-91E4-69D80EDC392E}.AppStore|Any CPU.Build.0 = Release|Any CPU
		{EF7A21FC-77ED-46A5-91E4-69D80EDC392E}.AppStore|Any CPU.Deploy.0 = Release|Any CPU
		{EF7A21FC-77ED-46A5-91E4-69D80EDC392E}.AppStore|ARM.ActiveCfg = Release|Any CPU
		{EF7A21FC-77ED-46A5-91E4-69D80EDC392E}.AppStore|ARM.Build.0 = Release|Any CPU
		{EF7A21FC-77ED-46A5-91E4-69D80EDC392E}.AppStore|ARM.Deploy.0 = Release|Any CPU
		{EF7A21FC-77ED-46A5-91E4-69D80EDC392E}.AppStore|iPhone.ActiveCfg = Release|Any CPU
		{EF7A21FC-77ED-46A5-91E4-69D80EDC392E}.AppStore|iPhone.Build.0 = Release|Any CPU
		{EF7A21FC-77ED-46A5-91E4-69D80EDC392E}.AppStore|iPhone.Deploy.0 = Release|Any CPU
		{EF7A21FC-77ED-46A5-91E4-69D80EDC392E}.AppStore|iPhoneSimulator.ActiveCfg = Release|Any CPU
		{EF7A21FC-77ED-46A5-91E4-69D80EDC392E}.AppStore|iPhoneSimulator.Build.0 = Release|Any CPU
		{EF7A21FC-77ED-46A5-91E4-69D80EDC392E}.AppStore|iPhoneSimulator.Deploy.0 = Release|Any CPU
		{EF7A21FC-77ED-46A5-91E4-69D80EDC392E}.AppStore|x86.ActiveCfg = Release|Any CPU
		{EF7A21FC-77ED-46A5-91E4-69D80EDC392E}.AppStore|x86.Build.0 = Release|Any CPU
		{EF7A21FC-77ED-46A5-91E4-69D80EDC392E}.AppStore|x86.Deploy.0 = Release|Any CPU
		{EF7A21FC-77ED-46A5-91E4-69D80EDC392E}.Debug|Any CPU.ActiveCfg = Debug|Any CPU
		{EF7A21FC-77ED-46A5-91E4-69D80EDC392E}.Debug|Any CPU.Build.0 = Debug|Any CPU
		{EF7A21FC-77ED-46A5-91E4-69D80EDC392E}.Debug|Any CPU.Deploy.0 = Debug|Any CPU
		{EF7A21FC-77ED-46A5-91E4-69D80EDC392E}.Debug|ARM.ActiveCfg = Debug|Any CPU
		{EF7A21FC-77ED-46A5-91E4-69D80EDC392E}.Debug|ARM.Build.0 = Debug|Any CPU
		{EF7A21FC-77ED-46A5-91E4-69D80EDC392E}.Debug|ARM.Deploy.0 = Debug|Any CPU
		{EF7A21FC-77ED-46A5-91E4-69D80EDC392E}.Debug|iPhone.ActiveCfg = Debug|Any CPU
		{EF7A21FC-77ED-46A5-91E4-69D80EDC392E}.Debug|iPhone.Build.0 = Debug|Any CPU
		{EF7A21FC-77ED-46A5-91E4-69D80EDC392E}.Debug|iPhone.Deploy.0 = Debug|Any CPU
		{EF7A21FC-77ED-46A5-91E4-69D80EDC392E}.Debug|iPhoneSimulator.ActiveCfg = Debug|Any CPU
		{EF7A21FC-77ED-46A5-91E4-69D80EDC392E}.Debug|iPhoneSimulator.Build.0 = Debug|Any CPU
		{EF7A21FC-77ED-46A5-91E4-69D80EDC392E}.Debug|iPhoneSimulator.Deploy.0 = Debug|Any CPU
		{EF7A21FC-77ED-46A5-91E4-69D80EDC392E}.Debug|x86.ActiveCfg = Debug|Any CPU
		{EF7A21FC-77ED-46A5-91E4-69D80EDC392E}.Debug|x86.Build.0 = Debug|Any CPU
		{EF7A21FC-77ED-46A5-91E4-69D80EDC392E}.Debug|x86.Deploy.0 = Debug|Any CPU
		{EF7A21FC-77ED-46A5-91E4-69D80EDC392E}.Release|Any CPU.ActiveCfg = Release|Any CPU
		{EF7A21FC-77ED-46A5-91E4-69D80EDC392E}.Release|Any CPU.Build.0 = Release|Any CPU
		{EF7A21FC-77ED-46A5-91E4-69D80EDC392E}.Release|Any CPU.Deploy.0 = Release|Any CPU
		{EF7A21FC-77ED-46A5-91E4-69D80EDC392E}.Release|ARM.ActiveCfg = Release|Any CPU
		{EF7A21FC-77ED-46A5-91E4-69D80EDC392E}.Release|ARM.Build.0 = Release|Any CPU
		{EF7A21FC-77ED-46A5-91E4-69D80EDC392E}.Release|ARM.Deploy.0 = Release|Any CPU
		{EF7A21FC-77ED-46A5-91E4-69D80EDC392E}.Release|iPhone.ActiveCfg = Release|Any CPU
		{EF7A21FC-77ED-46A5-91E4-69D80EDC392E}.Release|iPhone.Build.0 = Release|Any CPU
		{EF7A21FC-77ED-46A5-91E4-69D80EDC392E}.Release|iPhone.Deploy.0 = Release|Any CPU
		{EF7A21FC-77ED-46A5-91E4-69D80EDC392E}.Release|iPhoneSimulator.ActiveCfg = Release|Any CPU
		{EF7A21FC-77ED-46A5-91E4-69D80EDC392E}.Release|iPhoneSimulator.Build.0 = Release|Any CPU
		{EF7A21FC-77ED-46A5-91E4-69D80EDC392E}.Release|iPhoneSimulator.Deploy.0 = Release|Any CPU
		{EF7A21FC-77ED-46A5-91E4-69D80EDC392E}.Release|x86.ActiveCfg = Release|Any CPU
		{EF7A21FC-77ED-46A5-91E4-69D80EDC392E}.Release|x86.Build.0 = Release|Any CPU
		{EF7A21FC-77ED-46A5-91E4-69D80EDC392E}.Release|x86.Deploy.0 = Release|Any CPU
	EndGlobalSection
	GlobalSection(SolutionProperties) = preSolution
		HideSolutionNode = FALSE
	EndGlobalSection
EndGlobal
